
Microsoft Visual Studio Solution File, Format Version 12.00
# Visual Studio 2012
Project("{8BC9CEB8-8B4A-11D0-8D11-00A0C91BC942}") = "B8_min_cost", "B8_min_cost\B8_min_cost.vcxproj", "{4414BAA5-BED8-4409-94AB-6A9E337F9AE5}"
EndProject
Global
	GlobalSection(SolutionConfigurationPlatforms) = preSolution
		Debug|Win32 = Debug|Win32
		Release|Win32 = Release|Win32
	EndGlobalSection
	GlobalSection(ProjectConfigurationPlatforms) = postSolution
		{4414BAA5-BED8-4409-94AB-6A9E337F9AE5}.Debug|Win32.ActiveCfg = Debug|Win32
		{4414BAA5-BED8-4409-94AB-6A9E337F9AE5}.Debug|Win32.Build.0 = Debug|Win32
		{4414BAA5-BED8-4409-94AB-6A9E337F9AE5}.Release|Win32.ActiveCfg = Release|Win32
		{4414BAA5-BED8-4409-94AB-6A9E337F9AE5}.Release|Win32.Build.0 = Release|Win32
	EndGlobalSection
	GlobalSection(SolutionProperties) = preSolution
		HideSolutionNode = FALSE
	EndGlobalSection
EndGlobal
